
Microsoft Visual Studio Solution File, Format Version 12.00
# Visual Studio Version 16
VisualStudioVersion = 16.0.30907.101
MinimumVisualStudioVersion = 10.0.40219.1
Project("{FAE04EC0-301F-11D3-BF4B-00C04F79EFBC}") = "Пример 6", "Пример 6\Пример 6.csproj", "{E75F5F52-6A13-46AE-98C6-21BB154E52E2}"
EndProject
Global
	GlobalSection(SolutionConfigurationPlatforms) = preSolution
		Debug|Any CPU = Debug|Any CPU
		Release|Any CPU = Release|Any CPU
	EndGlobalSection
	GlobalSection(ProjectConfigurationPlatforms) = postSolution
		{E75F5F52-6A13-46AE-98C6-21BB154E52E2}.Debug|Any CPU.ActiveCfg = Debug|Any CPU
		{E75F5F52-6A13-46AE-98C6-21BB154E52E2}.Debug|Any CPU.Build.0 = Debug|Any CPU
		{E75F5F52-6A13-46AE-98C6-21BB154E52E2}.Release|Any CPU.ActiveCfg = Release|Any CPU
		{E75F5F52-6A13-46AE-98C6-21BB154E52E2}.Release|Any CPU.Build.0 = Release|Any CPU
	EndGlobalSection
	GlobalSection(SolutionProperties) = preSolution
		HideSolutionNode = FALSE
	EndGlobalSection
	GlobalSection(ExtensibilityGlobals) = postSolution
		SolutionGuid = {7B76518A-26B2-4407-A6A6-60DEF82E61BC}
	EndGlobalSection
EndGlobal
